// !$*UTF8*$!
{
	archiveVersion = 1;
	classes = {
	};
	objectVersion = 51;
	objects = {

/* Begin PBXBuildFile section */
		36FC09FABFEEF220EDCEDCCB /* Pods_FindDBestRestaurant.framework in Frameworks */ = {isa = PBXBuildFile; fileRef = A1CB12D0950B0BA3055A0234 /* Pods_FindDBestRestaurant.framework */; };
		5B3BC84226DAB2B8001E694F /* InitialVC.swift in Sources */ = {isa = PBXBuildFile; fileRef = 5B3BC84126DAB2B8001E694F /* InitialVC.swift */; };
		5B3BC84526DAB2ED001E694F /* InitialScreen.swift in Sources */ = {isa = PBXBuildFile; fileRef = 5B3BC84426DAB2ED001E694F /* InitialScreen.swift */; };
		5B3BC84826DAB575001E694F /* InitialScreenDelegate.swift in Sources */ = {isa = PBXBuildFile; fileRef = 5B3BC84726DAB575001E694F /* InitialScreenDelegate.swift */; };
		5B94D67226C5F68C00346B9B /* AppDelegate.swift in Sources */ = {isa = PBXBuildFile; fileRef = 5B94D67126C5F68C00346B9B /* AppDelegate.swift */; };
		5B94D67426C5F68C00346B9B /* SceneDelegate.swift in Sources */ = {isa = PBXBuildFile; fileRef = 5B94D67326C5F68C00346B9B /* SceneDelegate.swift */; };
		5B94D67C26C5F68C00346B9B /* FindDBestRestaurant.xcdatamodeld in Sources */ = {isa = PBXBuildFile; fileRef = 5B94D67A26C5F68C00346B9B /* FindDBestRestaurant.xcdatamodeld */; };
		5B94D67E26C5F68F00346B9B /* Assets.xcassets in Resources */ = {isa = PBXBuildFile; fileRef = 5B94D67D26C5F68F00346B9B /* Assets.xcassets */; };
		5B94D68126C5F68F00346B9B /* LaunchScreen.storyboard in Resources */ = {isa = PBXBuildFile; fileRef = 5B94D67F26C5F68F00346B9B /* LaunchScreen.storyboard */; };
		5BC25F7B26D357940053BDF5 /* SignInVC.swift in Sources */ = {isa = PBXBuildFile; fileRef = 5BC25F7A26D357940053BDF5 /* SignInVC.swift */; };
		5BC25F7D26D359460053BDF5 /* SignInScreen.swift in Sources */ = {isa = PBXBuildFile; fileRef = 5BC25F7C26D359460053BDF5 /* SignInScreen.swift */; };
		5BC25F7F26D35ACB0053BDF5 /* UIColor+ext.swift in Sources */ = {isa = PBXBuildFile; fileRef = 5BC25F7E26D35ACB0053BDF5 /* UIColor+ext.swift */; };
		5BC25F8126D456D20053BDF5 /* FBRButton.swift in Sources */ = {isa = PBXBuildFile; fileRef = 5BC25F8026D456D20053BDF5 /* FBRButton.swift */; };
		5BC25F8326D459EF0053BDF5 /* SignInViewDelegate.swift in Sources */ = {isa = PBXBuildFile; fileRef = 5BC25F8226D459EF0053BDF5 /* SignInViewDelegate.swift */; };
		5BD562FF26DEE56700699FCF /* UIView+ext.swift in Sources */ = {isa = PBXBuildFile; fileRef = 5BD562FE26DEE56700699FCF /* UIView+ext.swift */; };
		70311A3326D19753005B0C0E /* MainTabBarController.swift in Sources */ = {isa = PBXBuildFile; fileRef = 70311A3226D19753005B0C0E /* MainTabBarController.swift */; };
		70311A3526D1982D005B0C0E /* RestaurantListViewController.swift in Sources */ = {isa = PBXBuildFile; fileRef = 70311A3426D1982C005B0C0E /* RestaurantListViewController.swift */; };
		70311A3726D1983E005B0C0E /* TopRestaurantsViewController.swift in Sources */ = {isa = PBXBuildFile; fileRef = 70311A3626D1983E005B0C0E /* TopRestaurantsViewController.swift */; };
		70311A3926D1984C005B0C0E /* FavoritesViewController.swift in Sources */ = {isa = PBXBuildFile; fileRef = 70311A3826D1984C005B0C0E /* FavoritesViewController.swift */; };
		70311A5326D1A294005B0C0E /* Constants.swift in Sources */ = {isa = PBXBuildFile; fileRef = 70311A5226D1A294005B0C0E /* Constants.swift */; };
		7034B04526DED9F1008B586A /* ProfileScreen.swift in Sources */ = {isa = PBXBuildFile; fileRef = 7034B04426DED9F1008B586A /* ProfileScreen.swift */; };
		7034B04B26DEDC6C008B586A /* ProfileCell.swift in Sources */ = {isa = PBXBuildFile; fileRef = 7034B04A26DEDC6C008B586A /* ProfileCell.swift */; };
		7034B04D26DEE047008B586A /* ProfileViewController.swift in Sources */ = {isa = PBXBuildFile; fileRef = 7034B04C26DEE047008B586A /* ProfileViewController.swift */; };
		7034B04F26DEEF1D008B586A /* ProfileController.swift in Sources */ = {isa = PBXBuildFile; fileRef = 7034B04E26DEEF1D008B586A /* ProfileController.swift */; };
		7034B05126DEEF79008B586A /* ProfileScreenDelegate.swift in Sources */ = {isa = PBXBuildFile; fileRef = 7034B05026DEEF79008B586A /* ProfileScreenDelegate.swift */; };
		70751EB626E1324700F6D85F /* MenuTableCell.swift in Sources */ = {isa = PBXBuildFile; fileRef = 70751EB526E1324700F6D85F /* MenuTableCell.swift */; };
		70751EB826E1342400F6D85F /* MenuCollectionCell.swift in Sources */ = {isa = PBXBuildFile; fileRef = 70751EB726E1342400F6D85F /* MenuCollectionCell.swift */; };
		70751EBA26E1352200F6D85F /* UICollectionView+Ext.swift in Sources */ = {isa = PBXBuildFile; fileRef = 70751EB926E1352200F6D85F /* UICollectionView+Ext.swift */; };
		707C4FC026E031DC00C01926 /* RestaurantDetailScreen.swift in Sources */ = {isa = PBXBuildFile; fileRef = 707C4FBF26E031DC00C01926 /* RestaurantDetailScreen.swift */; };
		707C4FC226E031FB00C01926 /* RestaurantDetailViewController.swift in Sources */ = {isa = PBXBuildFile; fileRef = 707C4FC126E031FB00C01926 /* RestaurantDetailViewController.swift */; };
		707C4FC426E0320B00C01926 /* RestaurantDetailController.swift in Sources */ = {isa = PBXBuildFile; fileRef = 707C4FC326E0320B00C01926 /* RestaurantDetailController.swift */; };
		707C4FC726E0435100C01926 /* FBRHeartButton.swift in Sources */ = {isa = PBXBuildFile; fileRef = 707C4FC626E0435100C01926 /* FBRHeartButton.swift */; };
		707C4FC926E045AC00C01926 /* FBRLoveItButton.swift in Sources */ = {isa = PBXBuildFile; fileRef = 707C4FC826E045AC00C01926 /* FBRLoveItButton.swift */; };
		707C4FCC26E046A800C01926 /* FBRCircularView.swift in Sources */ = {isa = PBXBuildFile; fileRef = 707C4FCB26E046A800C01926 /* FBRCircularView.swift */; };
		70AB790B26D6F39300BE67BE /* SignUpScreenDelegate.swift in Sources */ = {isa = PBXBuildFile; fileRef = 70AB790A26D6F39300BE67BE /* SignUpScreenDelegate.swift */; };
		70AB790F26D6F6E200BE67BE /* UIViewController+ext.swift in Sources */ = {isa = PBXBuildFile; fileRef = 70AB790E26D6F6E200BE67BE /* UIViewController+ext.swift */; };
		70AB791126D6FB6900BE67BE /* FBRTextField.swift in Sources */ = {isa = PBXBuildFile; fileRef = 70AB791026D6FB6900BE67BE /* FBRTextField.swift */; };
		70E1D68E26DC40D200E1A31D /* RestaurantListScreen.swift in Sources */ = {isa = PBXBuildFile; fileRef = 70E1D68D26DC40D200E1A31D /* RestaurantListScreen.swift */; };
		70E1D69226DC43EA00E1A31D /* UITableViewCell+Ext.swift in Sources */ = {isa = PBXBuildFile; fileRef = 70E1D69126DC43EA00E1A31D /* UITableViewCell+Ext.swift */; };
		70E1D69426DC442300E1A31D /* UIImageView+Ext.swift in Sources */ = {isa = PBXBuildFile; fileRef = 70E1D69326DC442300E1A31D /* UIImageView+Ext.swift */; };
		70E1D69626DC494400E1A31D /* Restaurant.swift in Sources */ = {isa = PBXBuildFile; fileRef = 70E1D69526DC494400E1A31D /* Restaurant.swift */; };
		70E1D69926DC4C2F00E1A31D /* NetworkManager.swift in Sources */ = {isa = PBXBuildFile; fileRef = 70E1D69826DC4C2F00E1A31D /* NetworkManager.swift */; };
		70E1D69C26DC4C4500E1A31D /* RestaurantListResponse.swift in Sources */ = {isa = PBXBuildFile; fileRef = 70E1D69B26DC4C4500E1A31D /* RestaurantListResponse.swift */; };
		70E1D69E26DC520800E1A31D /* RestaurantListController.swift in Sources */ = {isa = PBXBuildFile; fileRef = 70E1D69D26DC520800E1A31D /* RestaurantListController.swift */; };
		70E1D6A026DC6D8600E1A31D /* RestaurantListScreenDelegate.swift in Sources */ = {isa = PBXBuildFile; fileRef = 70E1D69F26DC6D8600E1A31D /* RestaurantListScreenDelegate.swift */; };
		BC0E63F826E6DA2B00A68212 /* TopRestaurantsScreen.swift in Sources */ = {isa = PBXBuildFile; fileRef = BC0E63F726E6DA2B00A68212 /* TopRestaurantsScreen.swift */; };
		BC0E63FB26E6E73100A68212 /* TopRestaurantsCollectionCell.swift in Sources */ = {isa = PBXBuildFile; fileRef = BC0E63FA26E6E73100A68212 /* TopRestaurantsCollectionCell.swift */; };
		BC1C9AA926D2FC6D00893506 /* CustomTextFieldView.swift in Sources */ = {isa = PBXBuildFile; fileRef = BC1C9AA826D2FC6D00893506 /* CustomTextFieldView.swift */; };
		BC5C500926DBF43300CDF9C4 /* ResetPasswordScreen.swift in Sources */ = {isa = PBXBuildFile; fileRef = BC5C500826DBF43300CDF9C4 /* ResetPasswordScreen.swift */; };
		BC5C500B26DBF9FD00CDF9C4 /* ResetPasswordDelegate.swift in Sources */ = {isa = PBXBuildFile; fileRef = BC5C500A26DBF9FD00CDF9C4 /* ResetPasswordDelegate.swift */; };
		BC5C500D26DBFA3000CDF9C4 /* ResetPasswordVC.swift in Sources */ = {isa = PBXBuildFile; fileRef = BC5C500C26DBFA3000CDF9C4 /* ResetPasswordVC.swift */; };
		BC5C501326DC3E7E00CDF9C4 /* CardRestaurantCell.swift in Sources */ = {isa = PBXBuildFile; fileRef = BC5C501226DC3E7E00CDF9C4 /* CardRestaurantCell.swift */; };
		BC61D75F26D48D0E00019CC0 /* LaunchScreenVC.swift in Sources */ = {isa = PBXBuildFile; fileRef = BC61D75E26D48D0E00019CC0 /* LaunchScreenVC.swift */; };
		BC61D76126D4901F00019CC0 /* restaurant.json in Resources */ = {isa = PBXBuildFile; fileRef = BC61D76026D4901F00019CC0 /* restaurant.json */; };
		BC84A60B26D59AAB001B63C7 /* SignUpScreen.swift in Sources */ = {isa = PBXBuildFile; fileRef = BC84A60A26D59AAB001B63C7 /* SignUpScreen.swift */; };
		BC84A61026D59FFD001B63C7 /* SignUpVC.swift in Sources */ = {isa = PBXBuildFile; fileRef = BC84A60F26D59FFD001B63C7 /* SignUpVC.swift */; };
		BCDC02DA26E978A800B05931 /* TopRestaurantsController.swift in Sources */ = {isa = PBXBuildFile; fileRef = BCDC02D926E978A800B05931 /* TopRestaurantsController.swift */; };
		BCE50B6326D28F6B009388AA /* CustomButtonView.swift in Sources */ = {isa = PBXBuildFile; fileRef = BCE50B6226D28F6B009388AA /* CustomButtonView.swift */; };
		BCE50B6826D29D83009388AA /* CodeView.swift in Sources */ = {isa = PBXBuildFile; fileRef = BCE50B6726D29D83009388AA /* CodeView.swift */; };
/* End PBXBuildFile section */

/* Begin PBXFileReference section */
		1A8FEB21296511D70068C5F9 /* Pods-FindDBestRestaurant.release.xcconfig */ = {isa = PBXFileReference; includeInIndex = 1; lastKnownFileType = text.xcconfig; name = "Pods-FindDBestRestaurant.release.xcconfig"; path = "Target Support Files/Pods-FindDBestRestaurant/Pods-FindDBestRestaurant.release.xcconfig"; sourceTree = "<group>"; };
		1ADB7BAD9BA154638C9B5F1A /* Pods-FindDBestRestaurant.debug.xcconfig */ = {isa = PBXFileReference; includeInIndex = 1; lastKnownFileType = text.xcconfig; name = "Pods-FindDBestRestaurant.debug.xcconfig"; path = "Target Support Files/Pods-FindDBestRestaurant/Pods-FindDBestRestaurant.debug.xcconfig"; sourceTree = "<group>"; };
		5B3BC84126DAB2B8001E694F /* InitialVC.swift */ = {isa = PBXFileReference; lastKnownFileType = sourcecode.swift; path = InitialVC.swift; sourceTree = "<group>"; };
		5B3BC84426DAB2ED001E694F /* InitialScreen.swift */ = {isa = PBXFileReference; lastKnownFileType = sourcecode.swift; path = InitialScreen.swift; sourceTree = "<group>"; };
		5B3BC84726DAB575001E694F /* InitialScreenDelegate.swift */ = {isa = PBXFileReference; lastKnownFileType = sourcecode.swift; path = InitialScreenDelegate.swift; sourceTree = "<group>"; };
		5B94D66E26C5F68C00346B9B /* FindDBestRestaurant.app */ = {isa = PBXFileReference; explicitFileType = wrapper.application; includeInIndex = 0; path = FindDBestRestaurant.app; sourceTree = BUILT_PRODUCTS_DIR; };
		5B94D67126C5F68C00346B9B /* AppDelegate.swift */ = {isa = PBXFileReference; lastKnownFileType = sourcecode.swift; path = AppDelegate.swift; sourceTree = "<group>"; };
		5B94D67326C5F68C00346B9B /* SceneDelegate.swift */ = {isa = PBXFileReference; lastKnownFileType = sourcecode.swift; path = SceneDelegate.swift; sourceTree = "<group>"; };
		5B94D67B26C5F68C00346B9B /* FindDBestRestaurant.xcdatamodel */ = {isa = PBXFileReference; lastKnownFileType = wrapper.xcdatamodel; path = FindDBestRestaurant.xcdatamodel; sourceTree = "<group>"; };
		5B94D67D26C5F68F00346B9B /* Assets.xcassets */ = {isa = PBXFileReference; lastKnownFileType = folder.assetcatalog; path = Assets.xcassets; sourceTree = "<group>"; };
		5B94D68026C5F68F00346B9B /* Base */ = {isa = PBXFileReference; lastKnownFileType = file.storyboard; name = Base; path = Base.lproj/LaunchScreen.storyboard; sourceTree = "<group>"; };
		5B94D68226C5F68F00346B9B /* Info.plist */ = {isa = PBXFileReference; lastKnownFileType = text.plist.xml; path = Info.plist; sourceTree = "<group>"; };
		5BC25F7A26D357940053BDF5 /* SignInVC.swift */ = {isa = PBXFileReference; lastKnownFileType = sourcecode.swift; path = SignInVC.swift; sourceTree = "<group>"; };
		5BC25F7C26D359460053BDF5 /* SignInScreen.swift */ = {isa = PBXFileReference; lastKnownFileType = sourcecode.swift; path = SignInScreen.swift; sourceTree = "<group>"; };
		5BC25F7E26D35ACB0053BDF5 /* UIColor+ext.swift */ = {isa = PBXFileReference; lastKnownFileType = sourcecode.swift; path = "UIColor+ext.swift"; sourceTree = "<group>"; };
		5BC25F8026D456D20053BDF5 /* FBRButton.swift */ = {isa = PBXFileReference; lastKnownFileType = sourcecode.swift; path = FBRButton.swift; sourceTree = "<group>"; };
		5BC25F8226D459EF0053BDF5 /* SignInViewDelegate.swift */ = {isa = PBXFileReference; lastKnownFileType = sourcecode.swift; path = SignInViewDelegate.swift; sourceTree = "<group>"; };
		5BD562FE26DEE56700699FCF /* UIView+ext.swift */ = {isa = PBXFileReference; lastKnownFileType = sourcecode.swift; path = "UIView+ext.swift"; sourceTree = "<group>"; };
		70311A3226D19753005B0C0E /* MainTabBarController.swift */ = {isa = PBXFileReference; lastKnownFileType = sourcecode.swift; path = MainTabBarController.swift; sourceTree = "<group>"; };
		70311A3426D1982C005B0C0E /* RestaurantListViewController.swift */ = {isa = PBXFileReference; lastKnownFileType = sourcecode.swift; path = RestaurantListViewController.swift; sourceTree = "<group>"; };
		70311A3626D1983E005B0C0E /* TopRestaurantsViewController.swift */ = {isa = PBXFileReference; lastKnownFileType = sourcecode.swift; path = TopRestaurantsViewController.swift; sourceTree = "<group>"; };
		70311A3826D1984C005B0C0E /* FavoritesViewController.swift */ = {isa = PBXFileReference; lastKnownFileType = sourcecode.swift; path = FavoritesViewController.swift; sourceTree = "<group>"; };
		70311A5226D1A294005B0C0E /* Constants.swift */ = {isa = PBXFileReference; lastKnownFileType = sourcecode.swift; path = Constants.swift; sourceTree = "<group>"; };
		7034B04426DED9F1008B586A /* ProfileScreen.swift */ = {isa = PBXFileReference; lastKnownFileType = sourcecode.swift; path = ProfileScreen.swift; sourceTree = "<group>"; };
		7034B04A26DEDC6C008B586A /* ProfileCell.swift */ = {isa = PBXFileReference; lastKnownFileType = sourcecode.swift; path = ProfileCell.swift; sourceTree = "<group>"; };
		7034B04C26DEE047008B586A /* ProfileViewController.swift */ = {isa = PBXFileReference; lastKnownFileType = sourcecode.swift; path = ProfileViewController.swift; sourceTree = "<group>"; };
		7034B04E26DEEF1D008B586A /* ProfileController.swift */ = {isa = PBXFileReference; lastKnownFileType = sourcecode.swift; path = ProfileController.swift; sourceTree = "<group>"; };
		7034B05026DEEF79008B586A /* ProfileScreenDelegate.swift */ = {isa = PBXFileReference; lastKnownFileType = sourcecode.swift; path = ProfileScreenDelegate.swift; sourceTree = "<group>"; };
		70751EB526E1324700F6D85F /* MenuTableCell.swift */ = {isa = PBXFileReference; lastKnownFileType = sourcecode.swift; path = MenuTableCell.swift; sourceTree = "<group>"; };
		70751EB726E1342400F6D85F /* MenuCollectionCell.swift */ = {isa = PBXFileReference; lastKnownFileType = sourcecode.swift; path = MenuCollectionCell.swift; sourceTree = "<group>"; };
		70751EB926E1352200F6D85F /* UICollectionView+Ext.swift */ = {isa = PBXFileReference; lastKnownFileType = sourcecode.swift; path = "UICollectionView+Ext.swift"; sourceTree = "<group>"; };
		707C4FBF26E031DC00C01926 /* RestaurantDetailScreen.swift */ = {isa = PBXFileReference; lastKnownFileType = sourcecode.swift; path = RestaurantDetailScreen.swift; sourceTree = "<group>"; };
		707C4FC126E031FB00C01926 /* RestaurantDetailViewController.swift */ = {isa = PBXFileReference; lastKnownFileType = sourcecode.swift; path = RestaurantDetailViewController.swift; sourceTree = "<group>"; };
		707C4FC326E0320B00C01926 /* RestaurantDetailController.swift */ = {isa = PBXFileReference; lastKnownFileType = sourcecode.swift; path = RestaurantDetailController.swift; sourceTree = "<group>"; };
		707C4FC626E0435100C01926 /* FBRHeartButton.swift */ = {isa = PBXFileReference; lastKnownFileType = sourcecode.swift; path = FBRHeartButton.swift; sourceTree = "<group>"; };
		707C4FC826E045AC00C01926 /* FBRLoveItButton.swift */ = {isa = PBXFileReference; lastKnownFileType = sourcecode.swift; path = FBRLoveItButton.swift; sourceTree = "<group>"; };
		707C4FCB26E046A800C01926 /* FBRCircularView.swift */ = {isa = PBXFileReference; lastKnownFileType = sourcecode.swift; path = FBRCircularView.swift; sourceTree = "<group>"; };
		70AB790A26D6F39300BE67BE /* SignUpScreenDelegate.swift */ = {isa = PBXFileReference; lastKnownFileType = sourcecode.swift; path = SignUpScreenDelegate.swift; sourceTree = "<group>"; };
		70AB790E26D6F6E200BE67BE /* UIViewController+ext.swift */ = {isa = PBXFileReference; lastKnownFileType = sourcecode.swift; path = "UIViewController+ext.swift"; sourceTree = "<group>"; };
		70AB791026D6FB6900BE67BE /* FBRTextField.swift */ = {isa = PBXFileReference; lastKnownFileType = sourcecode.swift; path = FBRTextField.swift; sourceTree = "<group>"; };
		70E1D68D26DC40D200E1A31D /* RestaurantListScreen.swift */ = {isa = PBXFileReference; lastKnownFileType = sourcecode.swift; path = RestaurantListScreen.swift; sourceTree = "<group>"; };
		70E1D69126DC43EA00E1A31D /* UITableViewCell+Ext.swift */ = {isa = PBXFileReference; lastKnownFileType = sourcecode.swift; path = "UITableViewCell+Ext.swift"; sourceTree = "<group>"; };
		70E1D69326DC442300E1A31D /* UIImageView+Ext.swift */ = {isa = PBXFileReference; lastKnownFileType = sourcecode.swift; path = "UIImageView+Ext.swift"; sourceTree = "<group>"; };
		70E1D69526DC494400E1A31D /* Restaurant.swift */ = {isa = PBXFileReference; lastKnownFileType = sourcecode.swift; path = Restaurant.swift; sourceTree = "<group>"; };
		70E1D69826DC4C2F00E1A31D /* NetworkManager.swift */ = {isa = PBXFileReference; lastKnownFileType = sourcecode.swift; path = NetworkManager.swift; sourceTree = "<group>"; };
		70E1D69B26DC4C4500E1A31D /* RestaurantListResponse.swift */ = {isa = PBXFileReference; lastKnownFileType = sourcecode.swift; path = RestaurantListResponse.swift; sourceTree = "<group>"; };
		70E1D69D26DC520800E1A31D /* RestaurantListController.swift */ = {isa = PBXFileReference; lastKnownFileType = sourcecode.swift; path = RestaurantListController.swift; sourceTree = "<group>"; };
		70E1D69F26DC6D8600E1A31D /* RestaurantListScreenDelegate.swift */ = {isa = PBXFileReference; lastKnownFileType = sourcecode.swift; path = RestaurantListScreenDelegate.swift; sourceTree = "<group>"; };
		A1CB12D0950B0BA3055A0234 /* Pods_FindDBestRestaurant.framework */ = {isa = PBXFileReference; explicitFileType = wrapper.framework; includeInIndex = 0; path = Pods_FindDBestRestaurant.framework; sourceTree = BUILT_PRODUCTS_DIR; };
		BC0E63F726E6DA2B00A68212 /* TopRestaurantsScreen.swift */ = {isa = PBXFileReference; lastKnownFileType = sourcecode.swift; path = TopRestaurantsScreen.swift; sourceTree = "<group>"; };
		BC0E63FA26E6E73100A68212 /* TopRestaurantsCollectionCell.swift */ = {isa = PBXFileReference; lastKnownFileType = sourcecode.swift; path = TopRestaurantsCollectionCell.swift; sourceTree = "<group>"; };
		BC1C9AA826D2FC6D00893506 /* CustomTextFieldView.swift */ = {isa = PBXFileReference; fileEncoding = 4; lastKnownFileType = sourcecode.swift; path = CustomTextFieldView.swift; sourceTree = "<group>"; };
		BC5C500826DBF43300CDF9C4 /* ResetPasswordScreen.swift */ = {isa = PBXFileReference; lastKnownFileType = sourcecode.swift; path = ResetPasswordScreen.swift; sourceTree = "<group>"; };
		BC5C500A26DBF9FD00CDF9C4 /* ResetPasswordDelegate.swift */ = {isa = PBXFileReference; lastKnownFileType = sourcecode.swift; path = ResetPasswordDelegate.swift; sourceTree = "<group>"; };
		BC5C500C26DBFA3000CDF9C4 /* ResetPasswordVC.swift */ = {isa = PBXFileReference; lastKnownFileType = sourcecode.swift; path = ResetPasswordVC.swift; sourceTree = "<group>"; };
		BC5C501226DC3E7E00CDF9C4 /* CardRestaurantCell.swift */ = {isa = PBXFileReference; fileEncoding = 4; lastKnownFileType = sourcecode.swift; path = CardRestaurantCell.swift; sourceTree = "<group>"; };
		BC61D75E26D48D0E00019CC0 /* LaunchScreenVC.swift */ = {isa = PBXFileReference; lastKnownFileType = sourcecode.swift; path = LaunchScreenVC.swift; sourceTree = "<group>"; };
		BC61D76026D4901F00019CC0 /* restaurant.json */ = {isa = PBXFileReference; fileEncoding = 4; lastKnownFileType = text.json; path = restaurant.json; sourceTree = "<group>"; };
		BC84A60A26D59AAB001B63C7 /* SignUpScreen.swift */ = {isa = PBXFileReference; lastKnownFileType = sourcecode.swift; path = SignUpScreen.swift; sourceTree = "<group>"; };
		BC84A60F26D59FFD001B63C7 /* SignUpVC.swift */ = {isa = PBXFileReference; lastKnownFileType = sourcecode.swift; path = SignUpVC.swift; sourceTree = "<group>"; };
		BCDC02D926E978A800B05931 /* TopRestaurantsController.swift */ = {isa = PBXFileReference; lastKnownFileType = sourcecode.swift; name = TopRestaurantsController.swift; path = FindDBestRestaurant/Features/TopRestaurants/Controller/TopRestaurantsController.swift; sourceTree = SOURCE_ROOT; };
		BCE50B6226D28F6B009388AA /* CustomButtonView.swift */ = {isa = PBXFileReference; lastKnownFileType = sourcecode.swift; path = CustomButtonView.swift; sourceTree = "<group>"; };
		BCE50B6726D29D83009388AA /* CodeView.swift */ = {isa = PBXFileReference; lastKnownFileType = sourcecode.swift; path = CodeView.swift; sourceTree = "<group>"; };
/* End PBXFileReference section */

/* Begin PBXFrameworksBuildPhase section */
		5B94D66B26C5F68C00346B9B /* Frameworks */ = {
			isa = PBXFrameworksBuildPhase;
			buildActionMask = 2147483647;
			files = (
				36FC09FABFEEF220EDCEDCCB /* Pods_FindDBestRestaurant.framework in Frameworks */,
			);
			runOnlyForDeploymentPostprocessing = 0;
		};
/* End PBXFrameworksBuildPhase section */

/* Begin PBXGroup section */
		5B3BC84026DAB280001E694F /* Initial */ = {
			isa = PBXGroup;
			children = (
				5B3BC84326DAB2BE001E694F /* Screens */,
				5B3BC84126DAB2B8001E694F /* InitialVC.swift */,
			);
			path = Initial;
			sourceTree = "<group>";
		};
		5B3BC84326DAB2BE001E694F /* Screens */ = {
			isa = PBXGroup;
			children = (
				5B3BC84426DAB2ED001E694F /* InitialScreen.swift */,
				5B3BC84726DAB575001E694F /* InitialScreenDelegate.swift */,
			);
			path = Screens;
			sourceTree = "<group>";
		};
		5B94D66526C5F68C00346B9B = {
			isa = PBXGroup;
			children = (
				5B94D67026C5F68C00346B9B /* FindDBestRestaurant */,
				5B94D66F26C5F68C00346B9B /* Products */,
				E5BB05FCD876B00950C80A5F /* Pods */,
				BDACD95E021B099035F8926D /* Frameworks */,
			);
			sourceTree = "<group>";
		};
		5B94D66F26C5F68C00346B9B /* Products */ = {
			isa = PBXGroup;
			children = (
				5B94D66E26C5F68C00346B9B /* FindDBestRestaurant.app */,
			);
			name = Products;
			sourceTree = "<group>";
		};
		5B94D67026C5F68C00346B9B /* FindDBestRestaurant */ = {
			isa = PBXGroup;
			children = (
				70E1D69726DC4B6700E1A31D /* NetworkManager */,
				70AB790D26D6F69800BE67BE /* Common */,
				70311A3026D196EE005B0C0E /* Features */,
				5B94D67A26C5F68C00346B9B /* FindDBestRestaurant.xcdatamodeld */,
				70311A5426D1B113005B0C0E /* Resources */,
				70311A2F26D195EB005B0C0E /* Support */,
				70311A5126D1A272005B0C0E /* Utilities */,
			);
			path = FindDBestRestaurant;
			sourceTree = "<group>";
		};
		5BC25F7626D357410053BDF5 /* SignIn */ = {
			isa = PBXGroup;
			children = (
				5BC25F7826D3575B0053BDF5 /* View */,
			);
			path = SignIn;
			sourceTree = "<group>";
		};
		5BC25F7826D3575B0053BDF5 /* View */ = {
			isa = PBXGroup;
			children = (
				70E1D68C26DC3F3E00E1A31D /* Screens */,
				5BC25F7A26D357940053BDF5 /* SignInVC.swift */,
			);
			path = View;
			sourceTree = "<group>";
		};
		70311A2F26D195EB005B0C0E /* Support */ = {
			isa = PBXGroup;
			children = (
				5B94D68226C5F68F00346B9B /* Info.plist */,
				5B94D67F26C5F68F00346B9B /* LaunchScreen.storyboard */,
				BC61D75E26D48D0E00019CC0 /* LaunchScreenVC.swift */,
				5B94D67326C5F68C00346B9B /* SceneDelegate.swift */,
				5B94D67126C5F68C00346B9B /* AppDelegate.swift */,
			);
			path = Support;
			sourceTree = "<group>";
		};
		70311A3026D196EE005B0C0E /* Features */ = {
			isa = PBXGroup;
			children = (
				5B3BC84026DAB280001E694F /* Initial */,
				70311A4326D1A13D005B0C0E /* Favorites */,
				7034B04326DED9D9008B586A /* Profile */,
				BC5C500526DBF3B000CDF9C4 /* ResetPassword */,
				707C4FBB26E0304900C01926 /* RestaurantDetail */,
				70311A4226D1A12F005B0C0E /* RestaurantList */,
				5BC25F7626D357410053BDF5 /* SignIn */,
				BC84A60826D59A6F001B63C7 /* SignUp */,
				70311A3126D196F8005B0C0E /* TabBar */,
				70311A4A26D1A1FD005B0C0E /* TopRestaurants */,
			);
			path = Features;
			sourceTree = "<group>";
		};
		70311A3126D196F8005B0C0E /* TabBar */ = {
			isa = PBXGroup;
			children = (
				70311A3226D19753005B0C0E /* MainTabBarController.swift */,
			);
			path = TabBar;
			sourceTree = "<group>";
		};
		70311A4226D1A12F005B0C0E /* RestaurantList */ = {
			isa = PBXGroup;
			children = (
				70311A4926D1A18F005B0C0E /* Controller */,
				70311A4826D1A189005B0C0E /* View */,
				70311A4726D1A182005B0C0E /* Model */,
			);
			path = RestaurantList;
			sourceTree = "<group>";
		};
		70311A4326D1A13D005B0C0E /* Favorites */ = {
			isa = PBXGroup;
			children = (
				70311A4626D1A16C005B0C0E /* Controller */,
				70311A4526D1A166005B0C0E /* View */,
				70311A4426D1A15F005B0C0E /* Model */,
			);
			path = Favorites;
			sourceTree = "<group>";
		};
		70311A4426D1A15F005B0C0E /* Model */ = {
			isa = PBXGroup;
			children = (
			);
			path = Model;
			sourceTree = "<group>";
		};
		70311A4526D1A166005B0C0E /* View */ = {
			isa = PBXGroup;
			children = (
				70311A4F26D1A23E005B0C0E /* Views */,
				70311A3826D1984C005B0C0E /* FavoritesViewController.swift */,
			);
			path = View;
			sourceTree = "<group>";
		};
		70311A4626D1A16C005B0C0E /* Controller */ = {
			isa = PBXGroup;
			children = (
			);
			path = Controller;
			sourceTree = "<group>";
		};
		70311A4726D1A182005B0C0E /* Model */ = {
			isa = PBXGroup;
			children = (
				70E1D69526DC494400E1A31D /* Restaurant.swift */,
			);
			path = Model;
			sourceTree = "<group>";
		};
		70311A4826D1A189005B0C0E /* View */ = {
			isa = PBXGroup;
			children = (
				BC5C501126DC3E7E00CDF9C4 /* Cells */,
				70E1D68B26DC3F1A00E1A31D /* Screens */,
				70311A3426D1982C005B0C0E /* RestaurantListViewController.swift */,
			);
			path = View;
			sourceTree = "<group>";
		};
		70311A4926D1A18F005B0C0E /* Controller */ = {
			isa = PBXGroup;
			children = (
				70E1D69D26DC520800E1A31D /* RestaurantListController.swift */,
			);
			path = Controller;
			sourceTree = "<group>";
		};
		70311A4A26D1A1FD005B0C0E /* TopRestaurants */ = {
			isa = PBXGroup;
			children = (
				70311A4D26D1A218005B0C0E /* Controller */,
				70311A4C26D1A212005B0C0E /* View */,
				70311A4B26D1A20B005B0C0E /* Model */,
			);
			path = TopRestaurants;
			sourceTree = "<group>";
		};
		70311A4B26D1A20B005B0C0E /* Model */ = {
			isa = PBXGroup;
			children = (
			);
			path = Model;
			sourceTree = "<group>";
		};
		70311A4C26D1A212005B0C0E /* View */ = {
			isa = PBXGroup;
			children = (
				BC0E63F926E6E6D700A68212 /* Cells */,
				BC0E63F626E6D9E900A68212 /* Screens */,
				70311A3626D1983E005B0C0E /* TopRestaurantsViewController.swift */,
			);
			path = View;
			sourceTree = "<group>";
		};
		70311A4D26D1A218005B0C0E /* Controller */ = {
			isa = PBXGroup;
			children = (
				BCDC02D926E978A800B05931 /* TopRestaurantsController.swift */,
			);
			path = Controller;
			sourceTree = "<group>";
		};
		70311A4F26D1A23E005B0C0E /* Views */ = {
			isa = PBXGroup;
			children = (
			);
			path = Views;
			sourceTree = "<group>";
		};
		70311A5126D1A272005B0C0E /* Utilities */ = {
			isa = PBXGroup;
			children = (
				70311A5226D1A294005B0C0E /* Constants.swift */,
			);
			path = Utilities;
			sourceTree = "<group>";
		};
		70311A5426D1B113005B0C0E /* Resources */ = {
			isa = PBXGroup;
			children = (
				5B94D67D26C5F68F00346B9B /* Assets.xcassets */,
				BC61D76026D4901F00019CC0 /* restaurant.json */,
			);
			path = Resources;
			sourceTree = "<group>";
		};
		7034B04326DED9D9008B586A /* Profile */ = {
			isa = PBXGroup;
			children = (
				7034B04826DEDA46008B586A /* Controller */,
				7034B04726DEDA40008B586A /* View */,
				7034B04626DEDA34008B586A /* Model */,
			);
			path = Profile;
			sourceTree = "<group>";
		};
		7034B04626DEDA34008B586A /* Model */ = {
			isa = PBXGroup;
			children = (
			);
			path = Model;
			sourceTree = "<group>";
		};
		7034B04726DEDA40008B586A /* View */ = {
			isa = PBXGroup;
			children = (
				7034B04926DEDC06008B586A /* Cells */,
				7034B04426DED9F1008B586A /* ProfileScreen.swift */,
				7034B04C26DEE047008B586A /* ProfileViewController.swift */,
				7034B05026DEEF79008B586A /* ProfileScreenDelegate.swift */,
			);
			path = View;
			sourceTree = "<group>";
		};
		7034B04826DEDA46008B586A /* Controller */ = {
			isa = PBXGroup;
			children = (
				7034B04E26DEEF1D008B586A /* ProfileController.swift */,
			);
			path = Controller;
			sourceTree = "<group>";
		};
		7034B04926DEDC06008B586A /* Cells */ = {
			isa = PBXGroup;
			children = (
				7034B04A26DEDC6C008B586A /* ProfileCell.swift */,
			);
			path = Cells;
			sourceTree = "<group>";
		};
		707C4FBB26E0304900C01926 /* RestaurantDetail */ = {
			isa = PBXGroup;
			children = (
				707C4FBE26E031B900C01926 /* Controller */,
				707C4FBD26E031B400C01926 /* View */,
				707C4FBC26E031AC00C01926 /* Model */,
			);
			path = RestaurantDetail;
			sourceTree = "<group>";
		};
		707C4FBC26E031AC00C01926 /* Model */ = {
			isa = PBXGroup;
			children = (
			);
			path = Model;
			sourceTree = "<group>";
		};
		707C4FBD26E031B400C01926 /* View */ = {
			isa = PBXGroup;
			children = (
				707C4FCD26E052E700C01926 /* Cell */,
				707C4FBF26E031DC00C01926 /* RestaurantDetailScreen.swift */,
				707C4FC126E031FB00C01926 /* RestaurantDetailViewController.swift */,
			);
			path = View;
			sourceTree = "<group>";
		};
		707C4FBE26E031B900C01926 /* Controller */ = {
			isa = PBXGroup;
			children = (
				707C4FC326E0320B00C01926 /* RestaurantDetailController.swift */,
			);
			path = Controller;
			sourceTree = "<group>";
		};
		707C4FC526E0432F00C01926 /* FBRHeartButton */ = {
			isa = PBXGroup;
			children = (
				707C4FC626E0435100C01926 /* FBRHeartButton.swift */,
				707C4FC826E045AC00C01926 /* FBRLoveItButton.swift */,
			);
			path = FBRHeartButton;
			sourceTree = "<group>";
		};
		707C4FCA26E0468800C01926 /* FBRCircularView */ = {
			isa = PBXGroup;
			children = (
				707C4FCB26E046A800C01926 /* FBRCircularView.swift */,
			);
			path = FBRCircularView;
			sourceTree = "<group>";
		};
		707C4FCD26E052E700C01926 /* Cell */ = {
			isa = PBXGroup;
			children = (
				70751EB526E1324700F6D85F /* MenuTableCell.swift */,
				70751EB726E1342400F6D85F /* MenuCollectionCell.swift */,
			);
			path = Cell;
			sourceTree = "<group>";
		};
		70AB790C26D6F67200BE67BE /* Extensions */ = {
			isa = PBXGroup;
			children = (
				5BC25F7E26D35ACB0053BDF5 /* UIColor+ext.swift */,
				70AB790E26D6F6E200BE67BE /* UIViewController+ext.swift */,
				70E1D69126DC43EA00E1A31D /* UITableViewCell+Ext.swift */,
				70E1D69326DC442300E1A31D /* UIImageView+Ext.swift */,
				70751EB926E1352200F6D85F /* UICollectionView+Ext.swift */,
				5BD562FE26DEE56700699FCF /* UIView+ext.swift */,
			);
			path = Extensions;
			sourceTree = "<group>";
		};
		70AB790D26D6F69800BE67BE /* Common */ = {
			isa = PBXGroup;
			children = (
				BCE50B6026D28EC8009388AA /* Components */,
				70AB790C26D6F67200BE67BE /* Extensions */,
				BCE50B6626D29D5A009388AA /* Helper */,
			);
			path = Common;
			sourceTree = "<group>";
		};
		70E1D68B26DC3F1A00E1A31D /* Screens */ = {
			isa = PBXGroup;
			children = (
				70E1D68D26DC40D200E1A31D /* RestaurantListScreen.swift */,
				70E1D69F26DC6D8600E1A31D /* RestaurantListScreenDelegate.swift */,
			);
			path = Screens;
			sourceTree = "<group>";
		};
		70E1D68C26DC3F3E00E1A31D /* Screens */ = {
			isa = PBXGroup;
			children = (
				5BC25F7C26D359460053BDF5 /* SignInScreen.swift */,
				5BC25F8226D459EF0053BDF5 /* SignInViewDelegate.swift */,
			);
			path = Screens;
			sourceTree = "<group>";
		};
		70E1D69726DC4B6700E1A31D /* NetworkManager */ = {
			isa = PBXGroup;
			children = (
				70E1D69A26DC4C3500E1A31D /* Model */,
				70E1D69826DC4C2F00E1A31D /* NetworkManager.swift */,
			);
			path = NetworkManager;
			sourceTree = "<group>";
		};
		70E1D69A26DC4C3500E1A31D /* Model */ = {
			isa = PBXGroup;
			children = (
				70E1D69B26DC4C4500E1A31D /* RestaurantListResponse.swift */,
			);
			path = Model;
			sourceTree = "<group>";
		};
		BC0E63F626E6D9E900A68212 /* Screens */ = {
			isa = PBXGroup;
			children = (
				BC0E63F726E6DA2B00A68212 /* TopRestaurantsScreen.swift */,
			);
			path = Screens;
			sourceTree = "<group>";
		};
		BC0E63F926E6E6D700A68212 /* Cells */ = {
			isa = PBXGroup;
			children = (
				BC0E63FA26E6E73100A68212 /* TopRestaurantsCollectionCell.swift */,
			);
			path = Cells;
			sourceTree = "<group>";
		};
		BC1C9AA726D2FC6D00893506 /* CustomTextFieldView */ = {
			isa = PBXGroup;
			children = (
				BC1C9AA826D2FC6D00893506 /* CustomTextFieldView.swift */,
				70AB791026D6FB6900BE67BE /* FBRTextField.swift */,
			);
			path = CustomTextFieldView;
			sourceTree = "<group>";
		};
		BC5C500526DBF3B000CDF9C4 /* ResetPassword */ = {
			isa = PBXGroup;
			children = (
				BC5C500626DBF3C600CDF9C4 /* View */,
			);
			path = ResetPassword;
			sourceTree = "<group>";
		};
		BC5C500626DBF3C600CDF9C4 /* View */ = {
			isa = PBXGroup;
			children = (
				BC5C500726DBF3E300CDF9C4 /* Screen */,
				BC5C500C26DBFA3000CDF9C4 /* ResetPasswordVC.swift */,
			);
			path = View;
			sourceTree = "<group>";
		};
		BC5C500726DBF3E300CDF9C4 /* Screen */ = {
			isa = PBXGroup;
			children = (
				BC5C500826DBF43300CDF9C4 /* ResetPasswordScreen.swift */,
				BC5C500A26DBF9FD00CDF9C4 /* ResetPasswordDelegate.swift */,
			);
			path = Screen;
			sourceTree = "<group>";
		};
		BC5C501126DC3E7E00CDF9C4 /* Cells */ = {
			isa = PBXGroup;
			children = (
				BC5C501226DC3E7E00CDF9C4 /* CardRestaurantCell.swift */,
			);
			path = Cells;
			sourceTree = "<group>";
		};
		BC84A60826D59A6F001B63C7 /* SignUp */ = {
			isa = PBXGroup;
			children = (
				BC84A60926D59A7D001B63C7 /* Screens */,
				BC84A60F26D59FFD001B63C7 /* SignUpVC.swift */,
			);
			path = SignUp;
			sourceTree = "<group>";
		};
		BC84A60926D59A7D001B63C7 /* Screens */ = {
			isa = PBXGroup;
			children = (
				BC84A60A26D59AAB001B63C7 /* SignUpScreen.swift */,
				70AB790A26D6F39300BE67BE /* SignUpScreenDelegate.swift */,
			);
			path = Screens;
			sourceTree = "<group>";
		};
		BCE50B6026D28EC8009388AA /* Components */ = {
			isa = PBXGroup;
			children = (
				707C4FCA26E0468800C01926 /* FBRCircularView */,
				707C4FC526E0432F00C01926 /* FBRHeartButton */,
				BC1C9AA726D2FC6D00893506 /* CustomTextFieldView */,
				BCE50B6126D28ED3009388AA /* CustomButton */,
			);
			path = Components;
			sourceTree = "<group>";
		};
		BCE50B6126D28ED3009388AA /* CustomButton */ = {
			isa = PBXGroup;
			children = (
				5BC25F8026D456D20053BDF5 /* FBRButton.swift */,
				BCE50B6226D28F6B009388AA /* CustomButtonView.swift */,
			);
			path = CustomButton;
			sourceTree = "<group>";
		};
		BCE50B6626D29D5A009388AA /* Helper */ = {
			isa = PBXGroup;
			children = (
				BCE50B6726D29D83009388AA /* CodeView.swift */,
			);
			path = Helper;
			sourceTree = "<group>";
		};
		BDACD95E021B099035F8926D /* Frameworks */ = {
			isa = PBXGroup;
			children = (
				A1CB12D0950B0BA3055A0234 /* Pods_FindDBestRestaurant.framework */,
			);
			name = Frameworks;
			sourceTree = "<group>";
		};
		E5BB05FCD876B00950C80A5F /* Pods */ = {
			isa = PBXGroup;
			children = (
				1ADB7BAD9BA154638C9B5F1A /* Pods-FindDBestRestaurant.debug.xcconfig */,
				1A8FEB21296511D70068C5F9 /* Pods-FindDBestRestaurant.release.xcconfig */,
			);
			path = Pods;
			sourceTree = "<group>";
		};
/* End PBXGroup section */

/* Begin PBXNativeTarget section */
		5B94D66D26C5F68C00346B9B /* FindDBestRestaurant */ = {
			isa = PBXNativeTarget;
			buildConfigurationList = 5B94D68526C5F68F00346B9B /* Build configuration list for PBXNativeTarget "FindDBestRestaurant" */;
			buildPhases = (
				0A85AE5696EA8AF82BE50C52 /* [CP] Check Pods Manifest.lock */,
				5B94D66A26C5F68C00346B9B /* Sources */,
				5B94D66B26C5F68C00346B9B /* Frameworks */,
				5B94D66C26C5F68C00346B9B /* Resources */,
				B6F2EEC737F26D4A74A61970 /* [CP] Embed Pods Frameworks */,
			);
			buildRules = (
			);
			dependencies = (
			);
			name = FindDBestRestaurant;
			productName = FindDBestRestaurant;
			productReference = 5B94D66E26C5F68C00346B9B /* FindDBestRestaurant.app */;
			productType = "com.apple.product-type.application";
		};
/* End PBXNativeTarget section */

/* Begin PBXProject section */
		5B94D66626C5F68C00346B9B /* Project object */ = {
			isa = PBXProject;
			attributes = {
				LastSwiftUpdateCheck = 1250;
				LastUpgradeCheck = 1250;
				TargetAttributes = {
					5B94D66D26C5F68C00346B9B = {
						CreatedOnToolsVersion = 12.5.1;
					};
				};
			};
			buildConfigurationList = 5B94D66926C5F68C00346B9B /* Build configuration list for PBXProject "FindDBestRestaurant" */;
			compatibilityVersion = "Xcode 9.3";
			developmentRegion = en;
			hasScannedForEncodings = 0;
			knownRegions = (
				en,
				Base,
			);
			mainGroup = 5B94D66526C5F68C00346B9B;
			productRefGroup = 5B94D66F26C5F68C00346B9B /* Products */;
			projectDirPath = "";
			projectRoot = "";
			targets = (
				5B94D66D26C5F68C00346B9B /* FindDBestRestaurant */,
			);
		};
/* End PBXProject section */

/* Begin PBXResourcesBuildPhase section */
		5B94D66C26C5F68C00346B9B /* Resources */ = {
			isa = PBXResourcesBuildPhase;
			buildActionMask = 2147483647;
			files = (
				5B94D68126C5F68F00346B9B /* LaunchScreen.storyboard in Resources */,
				5B94D67E26C5F68F00346B9B /* Assets.xcassets in Resources */,
				BC61D76126D4901F00019CC0 /* restaurant.json in Resources */,
			);
			runOnlyForDeploymentPostprocessing = 0;
		};
/* End PBXResourcesBuildPhase section */

/* Begin PBXShellScriptBuildPhase section */
		0A85AE5696EA8AF82BE50C52 /* [CP] Check Pods Manifest.lock */ = {
			isa = PBXShellScriptBuildPhase;
			buildActionMask = 2147483647;
			files = (
			);
			inputFileListPaths = (
			);
			inputPaths = (
				"${PODS_PODFILE_DIR_PATH}/Podfile.lock",
				"${PODS_ROOT}/Manifest.lock",
			);
			name = "[CP] Check Pods Manifest.lock";
			outputFileListPaths = (
			);
			outputPaths = (
				"$(DERIVED_FILE_DIR)/Pods-FindDBestRestaurant-checkManifestLockResult.txt",
			);
			runOnlyForDeploymentPostprocessing = 0;
			shellPath = /bin/sh;
			shellScript = "diff \"${PODS_PODFILE_DIR_PATH}/Podfile.lock\" \"${PODS_ROOT}/Manifest.lock\" > /dev/null\nif [ $? != 0 ] ; then\n    # print error to STDERR\n    echo \"error: The sandbox is not in sync with the Podfile.lock. Run 'pod install' or update your CocoaPods installation.\" >&2\n    exit 1\nfi\n# This output is used by Xcode 'outputs' to avoid re-running this script phase.\necho \"SUCCESS\" > \"${SCRIPT_OUTPUT_FILE_0}\"\n";
			showEnvVarsInLog = 0;
		};
		B6F2EEC737F26D4A74A61970 /* [CP] Embed Pods Frameworks */ = {
			isa = PBXShellScriptBuildPhase;
			buildActionMask = 2147483647;
			files = (
			);
			inputFileListPaths = (
				"${PODS_ROOT}/Target Support Files/Pods-FindDBestRestaurant/Pods-FindDBestRestaurant-frameworks-${CONFIGURATION}-input-files.xcfilelist",
			);
			name = "[CP] Embed Pods Frameworks";
			outputFileListPaths = (
				"${PODS_ROOT}/Target Support Files/Pods-FindDBestRestaurant/Pods-FindDBestRestaurant-frameworks-${CONFIGURATION}-output-files.xcfilelist",
			);
			runOnlyForDeploymentPostprocessing = 0;
			shellPath = /bin/sh;
			shellScript = "\"${PODS_ROOT}/Target Support Files/Pods-FindDBestRestaurant/Pods-FindDBestRestaurant-frameworks.sh\"\n";
			showEnvVarsInLog = 0;
		};
/* End PBXShellScriptBuildPhase section */

/* Begin PBXSourcesBuildPhase section */
		5B94D66A26C5F68C00346B9B /* Sources */ = {
			isa = PBXSourcesBuildPhase;
			buildActionMask = 2147483647;
			files = (
				5B3BC84526DAB2ED001E694F /* InitialScreen.swift in Sources */,
				7034B05126DEEF79008B586A /* ProfileScreenDelegate.swift in Sources */,
				70751EB826E1342400F6D85F /* MenuCollectionCell.swift in Sources */,
				BCE50B6326D28F6B009388AA /* CustomButtonView.swift in Sources */,
				707C4FC426E0320B00C01926 /* RestaurantDetailController.swift in Sources */,
				707C4FC226E031FB00C01926 /* RestaurantDetailViewController.swift in Sources */,
				BC5C500D26DBFA3000CDF9C4 /* ResetPasswordVC.swift in Sources */,
				BC0E63F826E6DA2B00A68212 /* TopRestaurantsScreen.swift in Sources */,
				5BC25F8326D459EF0053BDF5 /* SignInViewDelegate.swift in Sources */,
				707C4FC726E0435100C01926 /* FBRHeartButton.swift in Sources */,
				5B94D67C26C5F68C00346B9B /* FindDBestRestaurant.xcdatamodeld in Sources */,
				5BC25F7B26D357940053BDF5 /* SignInVC.swift in Sources */,
				BC0E63FB26E6E73100A68212 /* TopRestaurantsCollectionCell.swift in Sources */,
				BC1C9AA926D2FC6D00893506 /* CustomTextFieldView.swift in Sources */,
				70311A3526D1982D005B0C0E /* RestaurantListViewController.swift in Sources */,
				BCE50B6826D29D83009388AA /* CodeView.swift in Sources */,
				70E1D69E26DC520800E1A31D /* RestaurantListController.swift in Sources */,
				70E1D6A026DC6D8600E1A31D /* RestaurantListScreenDelegate.swift in Sources */,
				BC5C500B26DBF9FD00CDF9C4 /* ResetPasswordDelegate.swift in Sources */,
				70311A3926D1984C005B0C0E /* FavoritesViewController.swift in Sources */,
				5B3BC84826DAB575001E694F /* InitialScreenDelegate.swift in Sources */,
				70311A3726D1983E005B0C0E /* TopRestaurantsViewController.swift in Sources */,
				70E1D69C26DC4C4500E1A31D /* RestaurantListResponse.swift in Sources */,
				5BD562FF26DEE56700699FCF /* UIView+ext.swift in Sources */,
				5B3BC84226DAB2B8001E694F /* InitialVC.swift in Sources */,
				70AB790F26D6F6E200BE67BE /* UIViewController+ext.swift in Sources */,
				70311A3326D19753005B0C0E /* MainTabBarController.swift in Sources */,
				70AB790B26D6F39300BE67BE /* SignUpScreenDelegate.swift in Sources */,
				70751EBA26E1352200F6D85F /* UICollectionView+Ext.swift in Sources */,
				707C4FC926E045AC00C01926 /* FBRLoveItButton.swift in Sources */,
				5B94D67226C5F68C00346B9B /* AppDelegate.swift in Sources */,
				707C4FC026E031DC00C01926 /* RestaurantDetailScreen.swift in Sources */,
				70E1D69426DC442300E1A31D /* UIImageView+Ext.swift in Sources */,
				5BC25F7D26D359460053BDF5 /* SignInScreen.swift in Sources */,
				BC5C500926DBF43300CDF9C4 /* ResetPasswordScreen.swift in Sources */,
				BCDC02DA26E978A800B05931 /* TopRestaurantsController.swift in Sources */,
				7034B04F26DEEF1D008B586A /* ProfileController.swift in Sources */,
				70E1D69926DC4C2F00E1A31D /* NetworkManager.swift in Sources */,
				707C4FCC26E046A800C01926 /* FBRCircularView.swift in Sources */,
				70E1D68E26DC40D200E1A31D /* RestaurantListScreen.swift in Sources */,
				5B94D67426C5F68C00346B9B /* SceneDelegate.swift in Sources */,
				70E1D69626DC494400E1A31D /* Restaurant.swift in Sources */,
				BC84A61026D59FFD001B63C7 /* SignUpVC.swift in Sources */,
				70AB791126D6FB6900BE67BE /* FBRTextField.swift in Sources */,
				70E1D69226DC43EA00E1A31D /* UITableViewCell+Ext.swift in Sources */,
				70311A5326D1A294005B0C0E /* Constants.swift in Sources */,
				7034B04526DED9F1008B586A /* ProfileScreen.swift in Sources */,
				BC84A60B26D59AAB001B63C7 /* SignUpScreen.swift in Sources */,
				BC5C501326DC3E7E00CDF9C4 /* CardRestaurantCell.swift in Sources */,
				BC61D75F26D48D0E00019CC0 /* LaunchScreenVC.swift in Sources */,
				7034B04B26DEDC6C008B586A /* ProfileCell.swift in Sources */,
				7034B04D26DEE047008B586A /* ProfileViewController.swift in Sources */,
				70751EB626E1324700F6D85F /* MenuTableCell.swift in Sources */,
				5BC25F7F26D35ACB0053BDF5 /* UIColor+ext.swift in Sources */,
				5BC25F8126D456D20053BDF5 /* FBRButton.swift in Sources */,
			);
			runOnlyForDeploymentPostprocessing = 0;
		};
/* End PBXSourcesBuildPhase section */

/* Begin PBXVariantGroup section */
		5B94D67F26C5F68F00346B9B /* LaunchScreen.storyboard */ = {
			isa = PBXVariantGroup;
			children = (
				5B94D68026C5F68F00346B9B /* Base */,
			);
			name = LaunchScreen.storyboard;
			sourceTree = "<group>";
		};
/* End PBXVariantGroup section */

/* Begin XCBuildConfiguration section */
		5B94D68326C5F68F00346B9B /* Debug */ = {
			isa = XCBuildConfiguration;
			buildSettings = {
				ALWAYS_SEARCH_USER_PATHS = NO;
				CLANG_ANALYZER_NONNULL = YES;
				CLANG_ANALYZER_NUMBER_OBJECT_CONVERSION = YES_AGGRESSIVE;
				CLANG_CXX_LANGUAGE_STANDARD = "gnu++14";
				CLANG_CXX_LIBRARY = "libc++";
				CLANG_ENABLE_MODULES = YES;
				CLANG_ENABLE_OBJC_ARC = YES;
				CLANG_ENABLE_OBJC_WEAK = YES;
				CLANG_WARN_BLOCK_CAPTURE_AUTORELEASING = YES;
				CLANG_WARN_BOOL_CONVERSION = YES;
				CLANG_WARN_COMMA = YES;
				CLANG_WARN_CONSTANT_CONVERSION = YES;
				CLANG_WARN_DEPRECATED_OBJC_IMPLEMENTATIONS = YES;
				CLANG_WARN_DIRECT_OBJC_ISA_USAGE = YES_ERROR;
				CLANG_WARN_DOCUMENTATION_COMMENTS = YES;
				CLANG_WARN_EMPTY_BODY = YES;
				CLANG_WARN_ENUM_CONVERSION = YES;
				CLANG_WARN_INFINITE_RECURSION = YES;
				CLANG_WARN_INT_CONVERSION = YES;
				CLANG_WARN_NON_LITERAL_NULL_CONVERSION = YES;
				CLANG_WARN_OBJC_IMPLICIT_RETAIN_SELF = YES;
				CLANG_WARN_OBJC_LITERAL_CONVERSION = YES;
				CLANG_WARN_OBJC_ROOT_CLASS = YES_ERROR;
				CLANG_WARN_QUOTED_INCLUDE_IN_FRAMEWORK_HEADER = YES;
				CLANG_WARN_RANGE_LOOP_ANALYSIS = YES;
				CLANG_WARN_STRICT_PROTOTYPES = YES;
				CLANG_WARN_SUSPICIOUS_MOVE = YES;
				CLANG_WARN_UNGUARDED_AVAILABILITY = YES_AGGRESSIVE;
				CLANG_WARN_UNREACHABLE_CODE = YES;
				CLANG_WARN__DUPLICATE_METHOD_MATCH = YES;
				COPY_PHASE_STRIP = NO;
				DEBUG_INFORMATION_FORMAT = dwarf;
				ENABLE_STRICT_OBJC_MSGSEND = YES;
				ENABLE_TESTABILITY = YES;
				GCC_C_LANGUAGE_STANDARD = gnu11;
				GCC_DYNAMIC_NO_PIC = NO;
				GCC_NO_COMMON_BLOCKS = YES;
				GCC_OPTIMIZATION_LEVEL = 0;
				GCC_PREPROCESSOR_DEFINITIONS = (
					"DEBUG=1",
					"$(inherited)",
				);
				GCC_WARN_64_TO_32_BIT_CONVERSION = YES;
				GCC_WARN_ABOUT_RETURN_TYPE = YES_ERROR;
				GCC_WARN_UNDECLARED_SELECTOR = YES;
				GCC_WARN_UNINITIALIZED_AUTOS = YES_AGGRESSIVE;
				GCC_WARN_UNUSED_FUNCTION = YES;
				GCC_WARN_UNUSED_VARIABLE = YES;
				IPHONEOS_DEPLOYMENT_TARGET = 14.5;
				MTL_ENABLE_DEBUG_INFO = INCLUDE_SOURCE;
				MTL_FAST_MATH = YES;
				ONLY_ACTIVE_ARCH = YES;
				SDKROOT = iphoneos;
				SWIFT_ACTIVE_COMPILATION_CONDITIONS = DEBUG;
				SWIFT_OPTIMIZATION_LEVEL = "-Onone";
			};
			name = Debug;
		};
		5B94D68426C5F68F00346B9B /* Release */ = {
			isa = XCBuildConfiguration;
			buildSettings = {
				ALWAYS_SEARCH_USER_PATHS = NO;
				CLANG_ANALYZER_NONNULL = YES;
				CLANG_ANALYZER_NUMBER_OBJECT_CONVERSION = YES_AGGRESSIVE;
				CLANG_CXX_LANGUAGE_STANDARD = "gnu++14";
				CLANG_CXX_LIBRARY = "libc++";
				CLANG_ENABLE_MODULES = YES;
				CLANG_ENABLE_OBJC_ARC = YES;
				CLANG_ENABLE_OBJC_WEAK = YES;
				CLANG_WARN_BLOCK_CAPTURE_AUTORELEASING = YES;
				CLANG_WARN_BOOL_CONVERSION = YES;
				CLANG_WARN_COMMA = YES;
				CLANG_WARN_CONSTANT_CONVERSION = YES;
				CLANG_WARN_DEPRECATED_OBJC_IMPLEMENTATIONS = YES;
				CLANG_WARN_DIRECT_OBJC_ISA_USAGE = YES_ERROR;
				CLANG_WARN_DOCUMENTATION_COMMENTS = YES;
				CLANG_WARN_EMPTY_BODY = YES;
				CLANG_WARN_ENUM_CONVERSION = YES;
				CLANG_WARN_INFINITE_RECURSION = YES;
				CLANG_WARN_INT_CONVERSION = YES;
				CLANG_WARN_NON_LITERAL_NULL_CONVERSION = YES;
				CLANG_WARN_OBJC_IMPLICIT_RETAIN_SELF = YES;
				CLANG_WARN_OBJC_LITERAL_CONVERSION = YES;
				CLANG_WARN_OBJC_ROOT_CLASS = YES_ERROR;
				CLANG_WARN_QUOTED_INCLUDE_IN_FRAMEWORK_HEADER = YES;
				CLANG_WARN_RANGE_LOOP_ANALYSIS = YES;
				CLANG_WARN_STRICT_PROTOTYPES = YES;
				CLANG_WARN_SUSPICIOUS_MOVE = YES;
				CLANG_WARN_UNGUARDED_AVAILABILITY = YES_AGGRESSIVE;
				CLANG_WARN_UNREACHABLE_CODE = YES;
				CLANG_WARN__DUPLICATE_METHOD_MATCH = YES;
				COPY_PHASE_STRIP = NO;
				DEBUG_INFORMATION_FORMAT = "dwarf-with-dsym";
				ENABLE_NS_ASSERTIONS = NO;
				ENABLE_STRICT_OBJC_MSGSEND = YES;
				GCC_C_LANGUAGE_STANDARD = gnu11;
				GCC_NO_COMMON_BLOCKS = YES;
				GCC_WARN_64_TO_32_BIT_CONVERSION = YES;
				GCC_WARN_ABOUT_RETURN_TYPE = YES_ERROR;
				GCC_WARN_UNDECLARED_SELECTOR = YES;
				GCC_WARN_UNINITIALIZED_AUTOS = YES_AGGRESSIVE;
				GCC_WARN_UNUSED_FUNCTION = YES;
				GCC_WARN_UNUSED_VARIABLE = YES;
				IPHONEOS_DEPLOYMENT_TARGET = 14.5;
				MTL_ENABLE_DEBUG_INFO = NO;
				MTL_FAST_MATH = YES;
				SDKROOT = iphoneos;
				SWIFT_COMPILATION_MODE = wholemodule;
				SWIFT_OPTIMIZATION_LEVEL = "-O";
				VALIDATE_PRODUCT = YES;
			};
			name = Release;
		};
		5B94D68626C5F68F00346B9B /* Debug */ = {
			isa = XCBuildConfiguration;
			baseConfigurationReference = 1ADB7BAD9BA154638C9B5F1A /* Pods-FindDBestRestaurant.debug.xcconfig */;
			buildSettings = {
				ASSETCATALOG_COMPILER_APPICON_NAME = AppIcon;
				ASSETCATALOG_COMPILER_GLOBAL_ACCENT_COLOR_NAME = AccentColor;
				CODE_SIGN_STYLE = Automatic;
				DEVELOPMENT_TEAM = H4BUWZ2875;
				INFOPLIST_FILE = FindDBestRestaurant/Support/Info.plist;
				LD_RUNPATH_SEARCH_PATHS = (
					"$(inherited)",
					"@executable_path/Frameworks",
				);
				PRODUCT_BUNDLE_IDENTIFIER = com.aguitech.FindDBestRestaurant;
				PRODUCT_NAME = "$(TARGET_NAME)";
				SWIFT_VERSION = 5.0;
				TARGETED_DEVICE_FAMILY = 1;
			};
			name = Debug;
		};
		5B94D68726C5F68F00346B9B /* Release */ = {
			isa = XCBuildConfiguration;
			baseConfigurationReference = 1A8FEB21296511D70068C5F9 /* Pods-FindDBestRestaurant.release.xcconfig */;
			buildSettings = {
				ASSETCATALOG_COMPILER_APPICON_NAME = AppIcon;
				ASSETCATALOG_COMPILER_GLOBAL_ACCENT_COLOR_NAME = AccentColor;
				CODE_SIGN_STYLE = Automatic;
				DEVELOPMENT_TEAM = H4BUWZ2875;
				INFOPLIST_FILE = FindDBestRestaurant/Support/Info.plist;
				LD_RUNPATH_SEARCH_PATHS = (
					"$(inherited)",
					"@executable_path/Frameworks",
				);
				PRODUCT_BUNDLE_IDENTIFIER = com.aguitech.FindDBestRestaurant;
				PRODUCT_NAME = "$(TARGET_NAME)";
				SWIFT_VERSION = 5.0;
				TARGETED_DEVICE_FAMILY = 1;
			};
			name = Release;
		};
/* End XCBuildConfiguration section */

/* Begin XCConfigurationList section */
		5B94D66926C5F68C00346B9B /* Build configuration list for PBXProject "FindDBestRestaurant" */ = {
			isa = XCConfigurationList;
			buildConfigurations = (
				5B94D68326C5F68F00346B9B /* Debug */,
				5B94D68426C5F68F00346B9B /* Release */,
			);
			defaultConfigurationIsVisible = 0;
			defaultConfigurationName = Release;
		};
		5B94D68526C5F68F00346B9B /* Build configuration list for PBXNativeTarget "FindDBestRestaurant" */ = {
			isa = XCConfigurationList;
			buildConfigurations = (
				5B94D68626C5F68F00346B9B /* Debug */,
				5B94D68726C5F68F00346B9B /* Release */,
			);
			defaultConfigurationIsVisible = 0;
			defaultConfigurationName = Release;
		};
/* End XCConfigurationList section */

/* Begin XCVersionGroup section */
		5B94D67A26C5F68C00346B9B /* FindDBestRestaurant.xcdatamodeld */ = {
			isa = XCVersionGroup;
			children = (
				5B94D67B26C5F68C00346B9B /* FindDBestRestaurant.xcdatamodel */,
			);
			currentVersion = 5B94D67B26C5F68C00346B9B /* FindDBestRestaurant.xcdatamodel */;
			path = FindDBestRestaurant.xcdatamodeld;
			sourceTree = "<group>";
			versionGroupType = wrapper.xcdatamodel;
		};
/* End XCVersionGroup section */
	};
	rootObject = 5B94D66626C5F68C00346B9B /* Project object */;
}
